
Microsoft Visual Studio Solution File, Format Version 12.00
# Visual Studio 14
VisualStudioVersion = 14.0.25123.0
MinimumVisualStudioVersion = 10.0.40219.1
Project("{2150E333-8FDC-42A3-9474-1A3956D46DE8}") = "Solution Items", "Solution Items", "{A1937099-01C6-4EA2-8D63-A80AFB4AAFEE}"
	ProjectSection(SolutionItems) = preProject
		MNVConverter.ico = MNVConverter.ico
	EndProjectSection
EndProject
Project("{FAE04EC0-301F-11D3-BF4B-00C04F79EFBC}") = "CodeGenerator", "CodeGenerator\CodeGenerator.csproj", "{69DA6BC0-3A28-4EF0-8867-B29EC9C29283}"
EndProject
Global
	GlobalSection(SolutionConfigurationPlatforms) = preSolution
		Debug|Any CPU = Debug|Any CPU
		Release|Any CPU = Release|Any CPU
	EndGlobalSection
	GlobalSection(ProjectConfigurationPlatforms) = postSolution
		{69DA6BC0-3A28-4EF0-8867-B29EC9C29283}.Debug|Any CPU.ActiveCfg = Debug|Any CPU
		{69DA6BC0-3A28-4EF0-8867-B29EC9C29283}.Debug|Any CPU.Build.0 = Debug|Any CPU
		{69DA6BC0-3A28-4EF0-8867-B29EC9C29283}.Release|Any CPU.ActiveCfg = Release|Any CPU
		{69DA6BC0-3A28-4EF0-8867-B29EC9C29283}.Release|Any CPU.Build.0 = Release|Any CPU
	EndGlobalSection
	GlobalSection(SolutionProperties) = preSolution
		HideSolutionNode = FALSE
	EndGlobalSection
EndGlobal
